{
  "name": "strict-content-mathml-editor",
  "version": "1.0.3",
  "lockfileVersion": 1,
  "requires": true,
  "dependencies": {
    "guppy-js": {
      "version": "2.0.0-beta.3",
      "resolved": "https://registry.npmjs.org/guppy-js/-/guppy-js-2.0.0-beta.3.tgz",
      "integrity": "sha512-ixHp5gBGGqYAnkBag8IdngnQABFcTWChDOnu9/ZI74a4TUpqWuxj3mXjplUV4KfR9bdInie8OMlB/reZQB2TwA=="
    }
  }
}
